
Microsoft Visual Studio Solution File, Format Version 12.00
# Visual Studio Version 16
VisualStudioVersion = 16.0.29306.81
MinimumVisualStudioVersion = 10.0.40219.1
Project("{FAE04EC0-301F-11D3-BF4B-00C04F79EFBC}") = "WpfTestMailSender", "WpfTestMailSender\WpfTestMailSender.csproj", "{9AA59582-91B4-4CA5-9CC5-7E084DF5B2F1}"
EndProject
Project("{FAE04EC0-301F-11D3-BF4B-00C04F79EFBC}") = "WinFormsTestMailSender", "WinFormsTestMailSender\WinFormsTestMailSender.csproj", "{4471D5AD-F70F-401D-A386-E9F1EDE4ABD6}"
EndProject
Global
	GlobalSection(SolutionConfigurationPlatforms) = preSolution
		Debug|Any CPU = Debug|Any CPU
		Release|Any CPU = Release|Any CPU
	EndGlobalSection
	GlobalSection(ProjectConfigurationPlatforms) = postSolution
		{9AA59582-91B4-4CA5-9CC5-7E084DF5B2F1}.Debug|Any CPU.ActiveCfg = Debug|Any CPU
		{9AA59582-91B4-4CA5-9CC5-7E084DF5B2F1}.Debug|Any CPU.Build.0 = Debug|Any CPU
		{9AA59582-91B4-4CA5-9CC5-7E084DF5B2F1}.Release|Any CPU.ActiveCfg = Release|Any CPU
		{9AA59582-91B4-4CA5-9CC5-7E084DF5B2F1}.Release|Any CPU.Build.0 = Release|Any CPU
		{4471D5AD-F70F-401D-A386-E9F1EDE4ABD6}.Debug|Any CPU.ActiveCfg = Debug|Any CPU
		{4471D5AD-F70F-401D-A386-E9F1EDE4ABD6}.Debug|Any CPU.Build.0 = Debug|Any CPU
		{4471D5AD-F70F-401D-A386-E9F1EDE4ABD6}.Release|Any CPU.ActiveCfg = Release|Any CPU
		{4471D5AD-F70F-401D-A386-E9F1EDE4ABD6}.Release|Any CPU.Build.0 = Release|Any CPU
	EndGlobalSection
	GlobalSection(SolutionProperties) = preSolution
		HideSolutionNode = FALSE
	EndGlobalSection
	GlobalSection(ExtensibilityGlobals) = postSolution
		SolutionGuid = {14EA02D0-479E-4505-BD11-84888F340445}
	EndGlobalSection
EndGlobal
